// !$*UTF8*$!
{
	archiveVersion = 1;
	classes = {
	};
	objectVersion = 54;
	objects = {

/* Begin PBXBuildFile section */
		83081EBE25CE49E30085333C /* FindDuplicateNumber.swift in Sources */ = {isa = PBXBuildFile; fileRef = 83081EBD25CE49E30085333C /* FindDuplicateNumber.swift */; };
		83081EC225CE49F50085333C /* FindDuplicateNumberTest.swift in Sources */ = {isa = PBXBuildFile; fileRef = 83081EC125CE49F50085333C /* FindDuplicateNumberTest.swift */; };
		8316519026098CA70030EAA4 /* ReconstructItinerary.swift in Sources */ = {isa = PBXBuildFile; fileRef = 8316518F26098CA70030EAA4 /* ReconstructItinerary.swift */; };
		8316519426098CEF0030EAA4 /* ReconstructItineraryTest.swift in Sources */ = {isa = PBXBuildFile; fileRef = 8316519326098CEF0030EAA4 /* ReconstructItineraryTest.swift */; };
		831847A62E79DB4100C95FAB /* RedoUndoManagerTests.swift in Sources */ = {isa = PBXBuildFile; fileRef = 831847A52E79DB4100C95FAB /* RedoUndoManagerTests.swift */; };
		83318B4125C375C400EE4612 /* ThreeSumTest.swift in Sources */ = {isa = PBXBuildFile; fileRef = 83318B4025C375C400EE4612 /* ThreeSumTest.swift */; };
		83318B4725C3971100EE4612 /* ThreeSumDistinct.swift in Sources */ = {isa = PBXBuildFile; fileRef = 83318B4625C3971100EE4612 /* ThreeSumDistinct.swift */; };
		83318B4D25C3973600EE4612 /* ThreeSumDistinctTest.swift in Sources */ = {isa = PBXBuildFile; fileRef = 83318B4C25C3973600EE4612 /* ThreeSumDistinctTest.swift */; };
		83318B5125C3977A00EE4612 /* ThreeSum.swift in Sources */ = {isa = PBXBuildFile; fileRef = 83318B5025C3977A00EE4612 /* ThreeSum.swift */; };
		83318B5525C3DCBB00EE4612 /* SmallestDifference.swift in Sources */ = {isa = PBXBuildFile; fileRef = 83318B5425C3DCBB00EE4612 /* SmallestDifference.swift */; };
		8337896425D7875200526DF0 /* GroupAnagrams.swift in Sources */ = {isa = PBXBuildFile; fileRef = 8337896325D7875200526DF0 /* GroupAnagrams.swift */; };
		8337896825D7876000526DF0 /* GroupAnagramsTest.swift in Sources */ = {isa = PBXBuildFile; fileRef = 8337896725D7876000526DF0 /* GroupAnagramsTest.swift */; };
		8339979925DB791F0053C700 /* FindClosestValueInBST.swift in Sources */ = {isa = PBXBuildFile; fileRef = 8339979825DB791F0053C700 /* FindClosestValueInBST.swift */; };
		833997A725DB8ED40053C700 /* ProductSum.swift in Sources */ = {isa = PBXBuildFile; fileRef = 833997A625DB8ED40053C700 /* ProductSum.swift */; };
		833997AB25DB91920053C700 /* ProductSumTest.swift in Sources */ = {isa = PBXBuildFile; fileRef = 833997AA25DB91920053C700 /* ProductSumTest.swift */; };
		835EF95E2724EBB000FDC5DF /* DataStructure in Frameworks */ = {isa = PBXBuildFile; productRef = 835EF95D2724EBB000FDC5DF /* DataStructure */; };
		8362C11725CF1C71007A79AD /* RemoveDuplicatesFromSortedOrderLinkedList.swift in Sources */ = {isa = PBXBuildFile; fileRef = 8362C11625CF1C71007A79AD /* RemoveDuplicatesFromSortedOrderLinkedList.swift */; };
		8362C12B25CF3352007A79AD /* RemoveDuplicatesFromSortedOrderLinkedListTest.swift in Sources */ = {isa = PBXBuildFile; fileRef = 8362C12A25CF3352007A79AD /* RemoveDuplicatesFromSortedOrderLinkedListTest.swift */; };
		8362C13225D0E27C007A79AD /* ValidPalindrome.swift in Sources */ = {isa = PBXBuildFile; fileRef = 8362C13125D0E27C007A79AD /* ValidPalindrome.swift */; };
		8362C13725D0E296007A79AD /* ValidPalindromeTest.swift in Sources */ = {isa = PBXBuildFile; fileRef = 8362C13625D0E296007A79AD /* ValidPalindromeTest.swift */; };
		8364163525C5F48C009FCBE7 /* MonotonicArray.swift in Sources */ = {isa = PBXBuildFile; fileRef = 8364163425C5F48C009FCBE7 /* MonotonicArray.swift */; };
		8364163925C5F540009FCBE7 /* MonotonicArrayTest.swift in Sources */ = {isa = PBXBuildFile; fileRef = 8364163825C5F540009FCBE7 /* MonotonicArrayTest.swift */; };
		83644E0725E6B36B0035531A /* BubbleSort.swift in Sources */ = {isa = PBXBuildFile; fileRef = 83644E0625E6B36B0035531A /* BubbleSort.swift */; };
		83644E1225E6B48A0035531A /* BubbleSortTest.swift in Sources */ = {isa = PBXBuildFile; fileRef = 83644E1125E6B48A0035531A /* BubbleSortTest.swift */; };
		83644E1825E6DEFA0035531A /* InsertionSort.swift in Sources */ = {isa = PBXBuildFile; fileRef = 83644E1725E6DEFA0035531A /* InsertionSort.swift */; };
		83644E1C25E6E1500035531A /* InsertionSortTest.swift in Sources */ = {isa = PBXBuildFile; fileRef = 83644E1B25E6E1500035531A /* InsertionSortTest.swift */; };
		836603AC261023E000C3FBDD /* XCTestCase+Expect.swift in Sources */ = {isa = PBXBuildFile; fileRef = 836603AB261023E000C3FBDD /* XCTestCase+Expect.swift */; };
		83662E6425C3DFD600D12AD1 /* SmallestDifferenceTest.swift in Sources */ = {isa = PBXBuildFile; fileRef = 83662E6325C3DFD600D12AD1 /* SmallestDifferenceTest.swift */; };
		836F519125C7870800ED0432 /* SpiralMatrix.swift in Sources */ = {isa = PBXBuildFile; fileRef = 836F519025C7870800ED0432 /* SpiralMatrix.swift */; };
		836F519525C7874500ED0432 /* SpiralMatrixTest.swift in Sources */ = {isa = PBXBuildFile; fileRef = 836F519425C7874500ED0432 /* SpiralMatrixTest.swift */; };
		8378482E2618BDC300D121DB /* MergeIntervals.swift in Sources */ = {isa = PBXBuildFile; fileRef = 8378482D2618BDC300D121DB /* MergeIntervals.swift */; };
		837848322619693400D121DB /* MergeIntervalsTest.swift in Sources */ = {isa = PBXBuildFile; fileRef = 837848312619693400D121DB /* MergeIntervalsTest.swift */; };
		837CE18225D8F73E00857363 /* ReverseWordsInString.swift in Sources */ = {isa = PBXBuildFile; fileRef = 837CE18125D8F73E00857363 /* ReverseWordsInString.swift */; };
		837CE18625D8F81F00857363 /* ReverseWordsInStringTest.swift in Sources */ = {isa = PBXBuildFile; fileRef = 837CE18525D8F81F00857363 /* ReverseWordsInStringTest.swift */; };
		837CE18B25D8FA7500857363 /* NthFibonacci.swift in Sources */ = {isa = PBXBuildFile; fileRef = 837CE18A25D8FA7500857363 /* NthFibonacci.swift */; };
		837CE19025D8FB4900857363 /* NthFibonacciTest.swift in Sources */ = {isa = PBXBuildFile; fileRef = 837CE18F25D8FB4900857363 /* NthFibonacciTest.swift */; };
		838087BC25C2164300D5635C /* TwoSum.swift in Sources */ = {isa = PBXBuildFile; fileRef = 838087BB25C2164300D5635C /* TwoSum.swift */; };
		838087C925C2186000D5635C /* Algorithms.framework in Frameworks */ = {isa = PBXBuildFile; fileRef = 838087AD25C2161900D5635C /* Algorithms.framework */; };
		838087E725C22D0400D5635C /* TwoSumTest.swift in Sources */ = {isa = PBXBuildFile; fileRef = 838087E625C22D0400D5635C /* TwoSumTest.swift */; };
		8380FD0025E9EB7200DEE7E5 /* RecursiveSum.swift in Sources */ = {isa = PBXBuildFile; fileRef = 8380FCFF25E9EB7200DEE7E5 /* RecursiveSum.swift */; };
		8380FD0425E9EEE700DEE7E5 /* RecursiveSumTest.swift in Sources */ = {isa = PBXBuildFile; fileRef = 8380FD0325E9EEE700DEE7E5 /* RecursiveSumTest.swift */; };
		8380FD0825EA097100DEE7E5 /* Combinations.swift in Sources */ = {isa = PBXBuildFile; fileRef = 8380FD0725EA097100DEE7E5 /* Combinations.swift */; };
		8380FD1425EA1A8900DEE7E5 /* CombinationsTest.swift in Sources */ = {isa = PBXBuildFile; fileRef = 8380FD1325EA1A8900DEE7E5 /* CombinationsTest.swift */; };
		8380FD1825EAAF3200DEE7E5 /* ReverseStringRecursively.swift in Sources */ = {isa = PBXBuildFile; fileRef = 8380FD1725EAAF3200DEE7E5 /* ReverseStringRecursively.swift */; };
		8380FD2025EAB01900DEE7E5 /* ReverseStringRecursivelyTest.swift in Sources */ = {isa = PBXBuildFile; fileRef = 8380FD1F25EAB01900DEE7E5 /* ReverseStringRecursivelyTest.swift */; };
		8380FD2A25EAB79700DEE7E5 /* Permutation.swift in Sources */ = {isa = PBXBuildFile; fileRef = 8380FD2925EAB79700DEE7E5 /* Permutation.swift */; };
		8380FD2E25EAC0FD00DEE7E5 /* PermutationTest.swift in Sources */ = {isa = PBXBuildFile; fileRef = 8380FD2D25EAC0FD00DEE7E5 /* PermutationTest.swift */; };
		8380FD3325EAC9AE00DEE7E5 /* Compare.swift in Sources */ = {isa = PBXBuildFile; fileRef = 8380FD3225EAC9AE00DEE7E5 /* Compare.swift */; };
		8380FD3B25EB17D600DEE7E5 /* BreadthFirstTraversal.swift in Sources */ = {isa = PBXBuildFile; fileRef = 8380FD3A25EB17D600DEE7E5 /* BreadthFirstTraversal.swift */; };
		8380FD4125EB1A6000DEE7E5 /* BreadthFirstTraversalTest.swift in Sources */ = {isa = PBXBuildFile; fileRef = 8380FD4025EB1A6000DEE7E5 /* BreadthFirstTraversalTest.swift */; };
		8380FD4725EB27D000DEE7E5 /* DepthFirstTraversal.swift in Sources */ = {isa = PBXBuildFile; fileRef = 8380FD4625EB27D000DEE7E5 /* DepthFirstTraversal.swift */; };
		8380FD4B25EB33D700DEE7E5 /* DepthFirstTraversalTest.swift in Sources */ = {isa = PBXBuildFile; fileRef = 8380FD4A25EB33D700DEE7E5 /* DepthFirstTraversalTest.swift */; };
		8380FD4F25EB426C00DEE7E5 /* BinaryTreeSum.swift in Sources */ = {isa = PBXBuildFile; fileRef = 8380FD4E25EB426C00DEE7E5 /* BinaryTreeSum.swift */; };
		8380FD5525EB432B00DEE7E5 /* BinaryTreeSumTest.swift in Sources */ = {isa = PBXBuildFile; fileRef = 8380FD5425EB432B00DEE7E5 /* BinaryTreeSumTest.swift */; };
		8380FD5925EB5F3200DEE7E5 /* BranchSum.swift in Sources */ = {isa = PBXBuildFile; fileRef = 8380FD5825EB5F3200DEE7E5 /* BranchSum.swift */; };
		8380FD5D25EB5F4900DEE7E5 /* BranchSumTest.swift in Sources */ = {isa = PBXBuildFile; fileRef = 8380FD5C25EB5F4900DEE7E5 /* BranchSumTest.swift */; };
		8380FD6125EC848500DEE7E5 /* GridTravelerUniquePaths.swift in Sources */ = {isa = PBXBuildFile; fileRef = 8380FD6025EC848500DEE7E5 /* GridTravelerUniquePaths.swift */; };
		8380FD6525EC925300DEE7E5 /* GridTravelerUniquePathsTest.swift in Sources */ = {isa = PBXBuildFile; fileRef = 8380FD6425EC925300DEE7E5 /* GridTravelerUniquePathsTest.swift */; };
		8380FD6F25ECA08600DEE7E5 /* CombinationSum.swift in Sources */ = {isa = PBXBuildFile; fileRef = 8380FD6E25ECA08600DEE7E5 /* CombinationSum.swift */; };
		838868862612E40B0048B174 /* KadaneAlgorithmsMaximumSubarray.swift in Sources */ = {isa = PBXBuildFile; fileRef = 838868852612E40B0048B174 /* KadaneAlgorithmsMaximumSubarray.swift */; };
		8388688A2612E4450048B174 /* KadaneAlgorithmsMaximumSubarrayTest.swift in Sources */ = {isa = PBXBuildFile; fileRef = 838868892612E4450048B174 /* KadaneAlgorithmsMaximumSubarrayTest.swift */; };
		83886894261416340048B174 /* Subsets.swift in Sources */ = {isa = PBXBuildFile; fileRef = 83886893261416340048B174 /* Subsets.swift */; };
		8388689A261416FF0048B174 /* SubsetsTest.swift in Sources */ = {isa = PBXBuildFile; fileRef = 83886899261416FF0048B174 /* SubsetsTest.swift */; };
		83AD336F25CCF906002C9C35 /* ProductOfArrayExceptSelf.swift in Sources */ = {isa = PBXBuildFile; fileRef = 83AD336E25CCF906002C9C35 /* ProductOfArrayExceptSelf.swift */; };
		83AD337325CCFB04002C9C35 /* ProductOfArrayExcepSelfTest.swift in Sources */ = {isa = PBXBuildFile; fileRef = 83AD337225CCFB04002C9C35 /* ProductOfArrayExcepSelfTest.swift */; };
		83AE918525D4EB8700A8242D /* LongestPalindromicSubstring.swift in Sources */ = {isa = PBXBuildFile; fileRef = 83AE918425D4EB8700A8242D /* LongestPalindromicSubstring.swift */; };
		83AE918925D4EB9C00A8242D /* LongestPalindromicSubstringTest.swift in Sources */ = {isa = PBXBuildFile; fileRef = 83AE918825D4EB9C00A8242D /* LongestPalindromicSubstringTest.swift */; };
		83B28E3D25E60B610035D470 /* FindClosestValueInBSTTest.swift in Sources */ = {isa = PBXBuildFile; fileRef = 83B28E3C25E60B610035D470 /* FindClosestValueInBSTTest.swift */; };
		83B28E4425E60E440035D470 /* BST.swift in Sources */ = {isa = PBXBuildFile; fileRef = 83B28E4325E60E440035D470 /* BST.swift */; };
		83B2CB032622A2C900C28DE4 /* QuickSort.swift in Sources */ = {isa = PBXBuildFile; fileRef = 83B2CB022622A2C900C28DE4 /* QuickSort.swift */; };
		83BB275325D612D40035A0EE /* RunLengthEncoding.swift in Sources */ = {isa = PBXBuildFile; fileRef = 83BB275225D612D40035A0EE /* RunLengthEncoding.swift */; };
		83BB275725D612E40035A0EE /* RunLengthEncodingTest.swift in Sources */ = {isa = PBXBuildFile; fileRef = 83BB275625D612E40035A0EE /* RunLengthEncodingTest.swift */; };
		83BDDC032E64AE99007E7E84 /* KMostFrequentString.swift in Sources */ = {isa = PBXBuildFile; fileRef = 83BDDC022E64AE99007E7E84 /* KMostFrequentString.swift */; };
		83BDDC062E64AF70007E7E84 /* KMostFrequentStringTest.swift in Sources */ = {isa = PBXBuildFile; fileRef = 83BDDC052E64AF70007E7E84 /* KMostFrequentStringTest.swift */; };
		83C279AF25C8DDBB00FF32A4 /* SpiralMatrixReversed.swift in Sources */ = {isa = PBXBuildFile; fileRef = 83C279AE25C8DDBB00FF32A4 /* SpiralMatrixReversed.swift */; };
		83C279B325C8DE4600FF32A4 /* SpiralMatrixReversedTest.swift in Sources */ = {isa = PBXBuildFile; fileRef = 83C279B225C8DE4600FF32A4 /* SpiralMatrixReversedTest.swift */; };
		83C279BD25C9136400FF32A4 /* LongestMountainInArray.swift in Sources */ = {isa = PBXBuildFile; fileRef = 83C279BC25C9136400FF32A4 /* LongestMountainInArray.swift */; };
		83C279C125C913DB00FF32A4 /* LongestMountainInArrayTest.swift in Sources */ = {isa = PBXBuildFile; fileRef = 83C279C025C913DB00FF32A4 /* LongestMountainInArrayTest.swift */; };
		83C308A625CE5BAD0046D54B /* FirstDuplicateValue.swift in Sources */ = {isa = PBXBuildFile; fileRef = 83C308A525CE5BAD0046D54B /* FirstDuplicateValue.swift */; };
		83C308AA25CE5BC30046D54B /* FirstDuplicateValueTest.swift in Sources */ = {isa = PBXBuildFile; fileRef = 83C308A925CE5BC30046D54B /* FirstDuplicateValueTest.swift */; };
		83C3B87425DB2CCE00CBECDB /* BinarySearch.swift in Sources */ = {isa = PBXBuildFile; fileRef = 83C3B87325DB2CCE00CBECDB /* BinarySearch.swift */; };
		83C3B87925DB2D9000CBECDB /* BinarySearchTest.swift in Sources */ = {isa = PBXBuildFile; fileRef = 83C3B87825DB2D9000CBECDB /* BinarySearchTest.swift */; };
		83D1C9CB25D247D000292396 /* CaesarCipherEncryptor.swift in Sources */ = {isa = PBXBuildFile; fileRef = 83D1C9CA25D247D000292396 /* CaesarCipherEncryptor.swift */; };
		83D1C9CF25D24C6000292396 /* CaesarCipherEncryptorTest.swift in Sources */ = {isa = PBXBuildFile; fileRef = 83D1C9CE25D24C6000292396 /* CaesarCipherEncryptorTest.swift */; };
		83D8B8E12D0E3DEF006562BF /* BoyerMooreAlgorithms.swift in Sources */ = {isa = PBXBuildFile; fileRef = 83D8B8E02D0E3DEF006562BF /* BoyerMooreAlgorithms.swift */; };
		83D8B8E52D0E493F006562BF /* BoyerMooreAlgorithmsTests.swift in Sources */ = {isa = PBXBuildFile; fileRef = 83D8B8E42D0E493F006562BF /* BoyerMooreAlgorithmsTests.swift */; };
		83D8B8E82D0E5D93006562BF /* Difference in Frameworks */ = {isa = PBXBuildFile; productRef = 83D8B8E72D0E5D93006562BF /* Difference */; };
		83D8B8EA2D0E5DC4006562BF /* Assert.swift in Sources */ = {isa = PBXBuildFile; fileRef = 83D8B8E92D0E5DC4006562BF /* Assert.swift */; };
		83E886492607C17400DD995E /* CourseSchedule.swift in Sources */ = {isa = PBXBuildFile; fileRef = 83E886482607C17400DD995E /* CourseSchedule.swift */; };
		83E8864E2607C1DB00DD995E /* CourseScheduleTest.swift in Sources */ = {isa = PBXBuildFile; fileRef = 83E8864D2607C1DB00DD995E /* CourseScheduleTest.swift */; };
		83E96F7225C25F77001E35DC /* ValidateSubsequence.swift in Sources */ = {isa = PBXBuildFile; fileRef = 83E96F7125C25F77001E35DC /* ValidateSubsequence.swift */; };
		83E96F7C25C2632D001E35DC /* ValidateSubsequenceTest.swift in Sources */ = {isa = PBXBuildFile; fileRef = 83E96F7B25C2632D001E35DC /* ValidateSubsequenceTest.swift */; };
		83F9429925C4C32A000CCB17 /* MoveElementToEnd.swift in Sources */ = {isa = PBXBuildFile; fileRef = 83F9429825C4C32A000CCB17 /* MoveElementToEnd.swift */; };
		83F9429D25C4C394000CCB17 /* MoveElementToEndTest.swift in Sources */ = {isa = PBXBuildFile; fileRef = 83F9429C25C4C394000CCB17 /* MoveElementToEndTest.swift */; };
		83FE2C832E78EFA5000BC788 /* QueueUsingStack.swift in Sources */ = {isa = PBXBuildFile; fileRef = 83FE2C822E78EF99000BC788 /* QueueUsingStack.swift */; };
		83FE2C862E78F70F000BC788 /* QueueUsingStackTest.swift in Sources */ = {isa = PBXBuildFile; fileRef = 83FE2C852E78F70A000BC788 /* QueueUsingStackTest.swift */; };
		83FEACB925F49F3D001C6C53 /* CombinationSumTest.swift in Sources */ = {isa = PBXBuildFile; fileRef = 83FEACB825F49F3D001C6C53 /* CombinationSumTest.swift */; };
/* End PBXBuildFile section */

/* Begin PBXContainerItemProxy section */
		838087CA25C2186000D5635C /* PBXContainerItemProxy */ = {
			isa = PBXContainerItemProxy;
			containerPortal = 838087A425C2161900D5635C /* Project object */;
			proxyType = 1;
			remoteGlobalIDString = 838087AC25C2161900D5635C;
			remoteInfo = Algorithms;
		};
/* End PBXContainerItemProxy section */

/* Begin PBXFileReference section */
		83081EBD25CE49E30085333C /* FindDuplicateNumber.swift */ = {isa = PBXFileReference; lastKnownFileType = sourcecode.swift; path = FindDuplicateNumber.swift; sourceTree = "<group>"; };
		83081EC125CE49F50085333C /* FindDuplicateNumberTest.swift */ = {isa = PBXFileReference; lastKnownFileType = sourcecode.swift; path = FindDuplicateNumberTest.swift; sourceTree = "<group>"; };
		8316518F26098CA70030EAA4 /* ReconstructItinerary.swift */ = {isa = PBXFileReference; lastKnownFileType = sourcecode.swift; path = ReconstructItinerary.swift; sourceTree = "<group>"; };
		8316519326098CEF0030EAA4 /* ReconstructItineraryTest.swift */ = {isa = PBXFileReference; lastKnownFileType = sourcecode.swift; path = ReconstructItineraryTest.swift; sourceTree = "<group>"; };
		831847A52E79DB4100C95FAB /* RedoUndoManagerTests.swift */ = {isa = PBXFileReference; lastKnownFileType = sourcecode.swift; path = RedoUndoManagerTests.swift; sourceTree = "<group>"; };
		83318B4025C375C400EE4612 /* ThreeSumTest.swift */ = {isa = PBXFileReference; lastKnownFileType = sourcecode.swift; path = ThreeSumTest.swift; sourceTree = "<group>"; };
		83318B4625C3971100EE4612 /* ThreeSumDistinct.swift */ = {isa = PBXFileReference; lastKnownFileType = sourcecode.swift; path = ThreeSumDistinct.swift; sourceTree = "<group>"; };
		83318B4C25C3973600EE4612 /* ThreeSumDistinctTest.swift */ = {isa = PBXFileReference; lastKnownFileType = sourcecode.swift; path = ThreeSumDistinctTest.swift; sourceTree = "<group>"; };
		83318B5025C3977A00EE4612 /* ThreeSum.swift */ = {isa = PBXFileReference; lastKnownFileType = sourcecode.swift; path = ThreeSum.swift; sourceTree = "<group>"; };
		83318B5425C3DCBB00EE4612 /* SmallestDifference.swift */ = {isa = PBXFileReference; lastKnownFileType = sourcecode.swift; path = SmallestDifference.swift; sourceTree = "<group>"; };
		8337896325D7875200526DF0 /* GroupAnagrams.swift */ = {isa = PBXFileReference; lastKnownFileType = sourcecode.swift; path = GroupAnagrams.swift; sourceTree = "<group>"; };
		8337896725D7876000526DF0 /* GroupAnagramsTest.swift */ = {isa = PBXFileReference; lastKnownFileType = sourcecode.swift; path = GroupAnagramsTest.swift; sourceTree = "<group>"; };
		8339979825DB791F0053C700 /* FindClosestValueInBST.swift */ = {isa = PBXFileReference; lastKnownFileType = sourcecode.swift; path = FindClosestValueInBST.swift; sourceTree = "<group>"; };
		833997A625DB8ED40053C700 /* ProductSum.swift */ = {isa = PBXFileReference; lastKnownFileType = sourcecode.swift; path = ProductSum.swift; sourceTree = "<group>"; };
		833997AA25DB91920053C700 /* ProductSumTest.swift */ = {isa = PBXFileReference; lastKnownFileType = sourcecode.swift; path = ProductSumTest.swift; sourceTree = "<group>"; };
		8362C11625CF1C71007A79AD /* RemoveDuplicatesFromSortedOrderLinkedList.swift */ = {isa = PBXFileReference; lastKnownFileType = sourcecode.swift; path = RemoveDuplicatesFromSortedOrderLinkedList.swift; sourceTree = "<group>"; };
		8362C12A25CF3352007A79AD /* RemoveDuplicatesFromSortedOrderLinkedListTest.swift */ = {isa = PBXFileReference; lastKnownFileType = sourcecode.swift; path = RemoveDuplicatesFromSortedOrderLinkedListTest.swift; sourceTree = "<group>"; };
		8362C13125D0E27C007A79AD /* ValidPalindrome.swift */ = {isa = PBXFileReference; lastKnownFileType = sourcecode.swift; path = ValidPalindrome.swift; sourceTree = "<group>"; };
		8362C13625D0E296007A79AD /* ValidPalindromeTest.swift */ = {isa = PBXFileReference; lastKnownFileType = sourcecode.swift; path = ValidPalindromeTest.swift; sourceTree = "<group>"; };
		8364163425C5F48C009FCBE7 /* MonotonicArray.swift */ = {isa = PBXFileReference; lastKnownFileType = sourcecode.swift; path = MonotonicArray.swift; sourceTree = "<group>"; };
		8364163825C5F540009FCBE7 /* MonotonicArrayTest.swift */ = {isa = PBXFileReference; lastKnownFileType = sourcecode.swift; path = MonotonicArrayTest.swift; sourceTree = "<group>"; };
		83644E0625E6B36B0035531A /* BubbleSort.swift */ = {isa = PBXFileReference; lastKnownFileType = sourcecode.swift; path = BubbleSort.swift; sourceTree = "<group>"; };
		83644E1125E6B48A0035531A /* BubbleSortTest.swift */ = {isa = PBXFileReference; lastKnownFileType = sourcecode.swift; path = BubbleSortTest.swift; sourceTree = "<group>"; };
		83644E1725E6DEFA0035531A /* InsertionSort.swift */ = {isa = PBXFileReference; lastKnownFileType = sourcecode.swift; path = InsertionSort.swift; sourceTree = "<group>"; };
		83644E1B25E6E1500035531A /* InsertionSortTest.swift */ = {isa = PBXFileReference; lastKnownFileType = sourcecode.swift; path = InsertionSortTest.swift; sourceTree = "<group>"; };
		836603AB261023E000C3FBDD /* XCTestCase+Expect.swift */ = {isa = PBXFileReference; lastKnownFileType = sourcecode.swift; path = "XCTestCase+Expect.swift"; sourceTree = "<group>"; };
		83662E6325C3DFD600D12AD1 /* SmallestDifferenceTest.swift */ = {isa = PBXFileReference; lastKnownFileType = sourcecode.swift; path = SmallestDifferenceTest.swift; sourceTree = "<group>"; };
		836F519025C7870800ED0432 /* SpiralMatrix.swift */ = {isa = PBXFileReference; lastKnownFileType = sourcecode.swift; path = SpiralMatrix.swift; sourceTree = "<group>"; };
		836F519425C7874500ED0432 /* SpiralMatrixTest.swift */ = {isa = PBXFileReference; lastKnownFileType = sourcecode.swift; path = SpiralMatrixTest.swift; sourceTree = "<group>"; };
		8378482D2618BDC300D121DB /* MergeIntervals.swift */ = {isa = PBXFileReference; lastKnownFileType = sourcecode.swift; path = MergeIntervals.swift; sourceTree = "<group>"; };
		837848312619693400D121DB /* MergeIntervalsTest.swift */ = {isa = PBXFileReference; lastKnownFileType = sourcecode.swift; path = MergeIntervalsTest.swift; sourceTree = "<group>"; };
		837CE18125D8F73E00857363 /* ReverseWordsInString.swift */ = {isa = PBXFileReference; lastKnownFileType = sourcecode.swift; path = ReverseWordsInString.swift; sourceTree = "<group>"; };
		837CE18525D8F81F00857363 /* ReverseWordsInStringTest.swift */ = {isa = PBXFileReference; lastKnownFileType = sourcecode.swift; path = ReverseWordsInStringTest.swift; sourceTree = "<group>"; };
		837CE18A25D8FA7500857363 /* NthFibonacci.swift */ = {isa = PBXFileReference; lastKnownFileType = sourcecode.swift; path = NthFibonacci.swift; sourceTree = "<group>"; };
		837CE18F25D8FB4900857363 /* NthFibonacciTest.swift */ = {isa = PBXFileReference; lastKnownFileType = sourcecode.swift; path = NthFibonacciTest.swift; sourceTree = "<group>"; };
		838087AD25C2161900D5635C /* Algorithms.framework */ = {isa = PBXFileReference; explicitFileType = wrapper.framework; includeInIndex = 0; path = Algorithms.framework; sourceTree = BUILT_PRODUCTS_DIR; };
		838087B125C2161900D5635C /* Info.plist */ = {isa = PBXFileReference; lastKnownFileType = text.plist.xml; path = Info.plist; sourceTree = "<group>"; };
		838087BB25C2164300D5635C /* TwoSum.swift */ = {isa = PBXFileReference; lastKnownFileType = sourcecode.swift; path = TwoSum.swift; sourceTree = "<group>"; };
		838087C425C2186000D5635C /* AlgorithmsTests.xctest */ = {isa = PBXFileReference; explicitFileType = wrapper.cfbundle; includeInIndex = 0; path = AlgorithmsTests.xctest; sourceTree = BUILT_PRODUCTS_DIR; };
		838087C825C2186000D5635C /* Info.plist */ = {isa = PBXFileReference; lastKnownFileType = text.plist.xml; path = Info.plist; sourceTree = "<group>"; };
		838087E625C22D0400D5635C /* TwoSumTest.swift */ = {isa = PBXFileReference; lastKnownFileType = sourcecode.swift; path = TwoSumTest.swift; sourceTree = "<group>"; };
		8380FCFF25E9EB7200DEE7E5 /* RecursiveSum.swift */ = {isa = PBXFileReference; lastKnownFileType = sourcecode.swift; path = RecursiveSum.swift; sourceTree = "<group>"; };
		8380FD0325E9EEE700DEE7E5 /* RecursiveSumTest.swift */ = {isa = PBXFileReference; lastKnownFileType = sourcecode.swift; path = RecursiveSumTest.swift; sourceTree = "<group>"; };
		8380FD0725EA097100DEE7E5 /* Combinations.swift */ = {isa = PBXFileReference; lastKnownFileType = sourcecode.swift; path = Combinations.swift; sourceTree = "<group>"; };
		8380FD1325EA1A8900DEE7E5 /* CombinationsTest.swift */ = {isa = PBXFileReference; lastKnownFileType = sourcecode.swift; path = CombinationsTest.swift; sourceTree = "<group>"; };
		8380FD1725EAAF3200DEE7E5 /* ReverseStringRecursively.swift */ = {isa = PBXFileReference; lastKnownFileType = sourcecode.swift; path = ReverseStringRecursively.swift; sourceTree = "<group>"; };
		8380FD1F25EAB01900DEE7E5 /* ReverseStringRecursivelyTest.swift */ = {isa = PBXFileReference; lastKnownFileType = sourcecode.swift; path = ReverseStringRecursivelyTest.swift; sourceTree = "<group>"; };
		8380FD2925EAB79700DEE7E5 /* Permutation.swift */ = {isa = PBXFileReference; lastKnownFileType = sourcecode.swift; path = Permutation.swift; sourceTree = "<group>"; };
		8380FD2D25EAC0FD00DEE7E5 /* PermutationTest.swift */ = {isa = PBXFileReference; lastKnownFileType = sourcecode.swift; path = PermutationTest.swift; sourceTree = "<group>"; };
		8380FD3225EAC9AE00DEE7E5 /* Compare.swift */ = {isa = PBXFileReference; lastKnownFileType = sourcecode.swift; path = Compare.swift; sourceTree = "<group>"; };
		8380FD3A25EB17D600DEE7E5 /* BreadthFirstTraversal.swift */ = {isa = PBXFileReference; lastKnownFileType = sourcecode.swift; path = BreadthFirstTraversal.swift; sourceTree = "<group>"; };
		8380FD4025EB1A6000DEE7E5 /* BreadthFirstTraversalTest.swift */ = {isa = PBXFileReference; lastKnownFileType = sourcecode.swift; path = BreadthFirstTraversalTest.swift; sourceTree = "<group>"; };
		8380FD4625EB27D000DEE7E5 /* DepthFirstTraversal.swift */ = {isa = PBXFileReference; lastKnownFileType = sourcecode.swift; path = DepthFirstTraversal.swift; sourceTree = "<group>"; };
		8380FD4A25EB33D700DEE7E5 /* DepthFirstTraversalTest.swift */ = {isa = PBXFileReference; lastKnownFileType = sourcecode.swift; path = DepthFirstTraversalTest.swift; sourceTree = "<group>"; };
		8380FD4E25EB426C00DEE7E5 /* BinaryTreeSum.swift */ = {isa = PBXFileReference; lastKnownFileType = sourcecode.swift; path = BinaryTreeSum.swift; sourceTree = "<group>"; };
		8380FD5425EB432B00DEE7E5 /* BinaryTreeSumTest.swift */ = {isa = PBXFileReference; lastKnownFileType = sourcecode.swift; path = BinaryTreeSumTest.swift; sourceTree = "<group>"; };
		8380FD5825EB5F3200DEE7E5 /* BranchSum.swift */ = {isa = PBXFileReference; lastKnownFileType = sourcecode.swift; path = BranchSum.swift; sourceTree = "<group>"; };
		8380FD5C25EB5F4900DEE7E5 /* BranchSumTest.swift */ = {isa = PBXFileReference; lastKnownFileType = sourcecode.swift; path = BranchSumTest.swift; sourceTree = "<group>"; };
		8380FD6025EC848500DEE7E5 /* GridTravelerUniquePaths.swift */ = {isa = PBXFileReference; lastKnownFileType = sourcecode.swift; path = GridTravelerUniquePaths.swift; sourceTree = "<group>"; };
		8380FD6425EC925300DEE7E5 /* GridTravelerUniquePathsTest.swift */ = {isa = PBXFileReference; lastKnownFileType = sourcecode.swift; path = GridTravelerUniquePathsTest.swift; sourceTree = "<group>"; };
		8380FD6E25ECA08600DEE7E5 /* CombinationSum.swift */ = {isa = PBXFileReference; lastKnownFileType = sourcecode.swift; path = CombinationSum.swift; sourceTree = "<group>"; };
		838868852612E40B0048B174 /* KadaneAlgorithmsMaximumSubarray.swift */ = {isa = PBXFileReference; lastKnownFileType = sourcecode.swift; path = KadaneAlgorithmsMaximumSubarray.swift; sourceTree = "<group>"; };
		838868892612E4450048B174 /* KadaneAlgorithmsMaximumSubarrayTest.swift */ = {isa = PBXFileReference; lastKnownFileType = sourcecode.swift; path = KadaneAlgorithmsMaximumSubarrayTest.swift; sourceTree = "<group>"; };
		83886893261416340048B174 /* Subsets.swift */ = {isa = PBXFileReference; lastKnownFileType = sourcecode.swift; path = Subsets.swift; sourceTree = "<group>"; };
		83886899261416FF0048B174 /* SubsetsTest.swift */ = {isa = PBXFileReference; lastKnownFileType = sourcecode.swift; path = SubsetsTest.swift; sourceTree = "<group>"; };
		83AD336E25CCF906002C9C35 /* ProductOfArrayExceptSelf.swift */ = {isa = PBXFileReference; lastKnownFileType = sourcecode.swift; path = ProductOfArrayExceptSelf.swift; sourceTree = "<group>"; };
		83AD337225CCFB04002C9C35 /* ProductOfArrayExcepSelfTest.swift */ = {isa = PBXFileReference; lastKnownFileType = sourcecode.swift; path = ProductOfArrayExcepSelfTest.swift; sourceTree = "<group>"; };
		83AE918425D4EB8700A8242D /* LongestPalindromicSubstring.swift */ = {isa = PBXFileReference; lastKnownFileType = sourcecode.swift; path = LongestPalindromicSubstring.swift; sourceTree = "<group>"; };
		83AE918825D4EB9C00A8242D /* LongestPalindromicSubstringTest.swift */ = {isa = PBXFileReference; lastKnownFileType = sourcecode.swift; path = LongestPalindromicSubstringTest.swift; sourceTree = "<group>"; };
		83B28E3C25E60B610035D470 /* FindClosestValueInBSTTest.swift */ = {isa = PBXFileReference; lastKnownFileType = sourcecode.swift; path = FindClosestValueInBSTTest.swift; sourceTree = "<group>"; };
		83B28E4325E60E440035D470 /* BST.swift */ = {isa = PBXFileReference; lastKnownFileType = sourcecode.swift; path = BST.swift; sourceTree = "<group>"; };
		83B2CB022622A2C900C28DE4 /* QuickSort.swift */ = {isa = PBXFileReference; lastKnownFileType = sourcecode.swift; path = QuickSort.swift; sourceTree = "<group>"; };
		83BB275225D612D40035A0EE /* RunLengthEncoding.swift */ = {isa = PBXFileReference; lastKnownFileType = sourcecode.swift; path = RunLengthEncoding.swift; sourceTree = "<group>"; };
		83BB275625D612E40035A0EE /* RunLengthEncodingTest.swift */ = {isa = PBXFileReference; lastKnownFileType = sourcecode.swift; path = RunLengthEncodingTest.swift; sourceTree = "<group>"; };
		83BDDC022E64AE99007E7E84 /* KMostFrequentString.swift */ = {isa = PBXFileReference; lastKnownFileType = sourcecode.swift; path = KMostFrequentString.swift; sourceTree = "<group>"; };
		83BDDC052E64AF70007E7E84 /* KMostFrequentStringTest.swift */ = {isa = PBXFileReference; lastKnownFileType = sourcecode.swift; path = KMostFrequentStringTest.swift; sourceTree = "<group>"; };
		83C279AE25C8DDBB00FF32A4 /* SpiralMatrixReversed.swift */ = {isa = PBXFileReference; lastKnownFileType = sourcecode.swift; path = SpiralMatrixReversed.swift; sourceTree = "<group>"; };
		83C279B225C8DE4600FF32A4 /* SpiralMatrixReversedTest.swift */ = {isa = PBXFileReference; lastKnownFileType = sourcecode.swift; path = SpiralMatrixReversedTest.swift; sourceTree = "<group>"; };
		83C279BC25C9136400FF32A4 /* LongestMountainInArray.swift */ = {isa = PBXFileReference; lastKnownFileType = sourcecode.swift; path = LongestMountainInArray.swift; sourceTree = "<group>"; };
		83C279C025C913DB00FF32A4 /* LongestMountainInArrayTest.swift */ = {isa = PBXFileReference; lastKnownFileType = sourcecode.swift; path = LongestMountainInArrayTest.swift; sourceTree = "<group>"; };
		83C308A525CE5BAD0046D54B /* FirstDuplicateValue.swift */ = {isa = PBXFileReference; lastKnownFileType = sourcecode.swift; path = FirstDuplicateValue.swift; sourceTree = "<group>"; };
		83C308A925CE5BC30046D54B /* FirstDuplicateValueTest.swift */ = {isa = PBXFileReference; lastKnownFileType = sourcecode.swift; path = FirstDuplicateValueTest.swift; sourceTree = "<group>"; };
		83C3B87325DB2CCE00CBECDB /* BinarySearch.swift */ = {isa = PBXFileReference; lastKnownFileType = sourcecode.swift; path = BinarySearch.swift; sourceTree = "<group>"; };
		83C3B87825DB2D9000CBECDB /* BinarySearchTest.swift */ = {isa = PBXFileReference; lastKnownFileType = sourcecode.swift; path = BinarySearchTest.swift; sourceTree = "<group>"; };
		83D1C9CA25D247D000292396 /* CaesarCipherEncryptor.swift */ = {isa = PBXFileReference; lastKnownFileType = sourcecode.swift; path = CaesarCipherEncryptor.swift; sourceTree = "<group>"; };
		83D1C9CE25D24C6000292396 /* CaesarCipherEncryptorTest.swift */ = {isa = PBXFileReference; lastKnownFileType = sourcecode.swift; path = CaesarCipherEncryptorTest.swift; sourceTree = "<group>"; };
		83D8B8E02D0E3DEF006562BF /* BoyerMooreAlgorithms.swift */ = {isa = PBXFileReference; lastKnownFileType = sourcecode.swift; path = BoyerMooreAlgorithms.swift; sourceTree = "<group>"; };
		83D8B8E42D0E493F006562BF /* BoyerMooreAlgorithmsTests.swift */ = {isa = PBXFileReference; lastKnownFileType = sourcecode.swift; path = BoyerMooreAlgorithmsTests.swift; sourceTree = "<group>"; };
		83D8B8E92D0E5DC4006562BF /* Assert.swift */ = {isa = PBXFileReference; lastKnownFileType = sourcecode.swift; path = Assert.swift; sourceTree = "<group>"; };
		83E886482607C17400DD995E /* CourseSchedule.swift */ = {isa = PBXFileReference; lastKnownFileType = sourcecode.swift; path = CourseSchedule.swift; sourceTree = "<group>"; };
		83E8864D2607C1DB00DD995E /* CourseScheduleTest.swift */ = {isa = PBXFileReference; lastKnownFileType = sourcecode.swift; path = CourseScheduleTest.swift; sourceTree = "<group>"; };
		83E96F7125C25F77001E35DC /* ValidateSubsequence.swift */ = {isa = PBXFileReference; lastKnownFileType = sourcecode.swift; path = ValidateSubsequence.swift; sourceTree = "<group>"; };
		83E96F7B25C2632D001E35DC /* ValidateSubsequenceTest.swift */ = {isa = PBXFileReference; lastKnownFileType = sourcecode.swift; path = ValidateSubsequenceTest.swift; sourceTree = "<group>"; };
		83F9429825C4C32A000CCB17 /* MoveElementToEnd.swift */ = {isa = PBXFileReference; lastKnownFileType = sourcecode.swift; path = MoveElementToEnd.swift; sourceTree = "<group>"; };
		83F9429C25C4C394000CCB17 /* MoveElementToEndTest.swift */ = {isa = PBXFileReference; lastKnownFileType = sourcecode.swift; path = MoveElementToEndTest.swift; sourceTree = "<group>"; };
		83FE2C822E78EF99000BC788 /* QueueUsingStack.swift */ = {isa = PBXFileReference; lastKnownFileType = sourcecode.swift; path = QueueUsingStack.swift; sourceTree = "<group>"; };
		83FE2C852E78F70A000BC788 /* QueueUsingStackTest.swift */ = {isa = PBXFileReference; lastKnownFileType = sourcecode.swift; path = QueueUsingStackTest.swift; sourceTree = "<group>"; };
		83FEACB825F49F3D001C6C53 /* CombinationSumTest.swift */ = {isa = PBXFileReference; lastKnownFileType = sourcecode.swift; path = CombinationSumTest.swift; sourceTree = "<group>"; };
/* End PBXFileReference section */

/* Begin PBXFrameworksBuildPhase section */
		838087AA25C2161900D5635C /* Frameworks */ = {
			isa = PBXFrameworksBuildPhase;
			buildActionMask = 2147483647;
			files = (
				835EF95E2724EBB000FDC5DF /* DataStructure in Frameworks */,
			);
			runOnlyForDeploymentPostprocessing = 0;
		};
		838087C125C2186000D5635C /* Frameworks */ = {
			isa = PBXFrameworksBuildPhase;
			buildActionMask = 2147483647;
			files = (
				838087C925C2186000D5635C /* Algorithms.framework in Frameworks */,
				83D8B8E82D0E5D93006562BF /* Difference in Frameworks */,
			);
			runOnlyForDeploymentPostprocessing = 0;
		};
/* End PBXFrameworksBuildPhase section */

/* Begin PBXGroup section */
		832E3E7225DDF96100A3D661 /* Questions */ = {
			isa = PBXGroup;
			children = (
				83FE2C842E78EFDA000BC788 /* Stack */,
				83BDDC042E64AF62007E7E84 /* Heap */,
				83E8864C2607C1D100DD995E /* Graph */,
				83644E0A25E6B4240035531A /* Sorting */,
				83B28E3B25E60B540035D470 /* BinarySearchTree */,
				83C279B725C8F4D200FF32A4 /* Array */,
				83C3B87725DB2D8700CBECDB /* Search */,
				837CE18E25D8FB3B00857363 /* Recursion */,
				8362C13525D0E286007A79AD /* String */,
				8362C12125CF32C4007A79AD /* LinkedList */,
			);
			path = Questions;
			sourceTree = "<group>";
		};
		8339979725DB78DF0053C700 /* BinarySearchTree */ = {
			isa = PBXGroup;
			children = (
				8380FD3A25EB17D600DEE7E5 /* BreadthFirstTraversal.swift */,
				8339979825DB791F0053C700 /* FindClosestValueInBST.swift */,
				8380FD4625EB27D000DEE7E5 /* DepthFirstTraversal.swift */,
				8380FD4E25EB426C00DEE7E5 /* BinaryTreeSum.swift */,
				8380FD5825EB5F3200DEE7E5 /* BranchSum.swift */,
			);
			path = BinarySearchTree;
			sourceTree = "<group>";
		};
		8362C11525CF1C34007A79AD /* LinkedList */ = {
			isa = PBXGroup;
			children = (
				8362C11625CF1C71007A79AD /* RemoveDuplicatesFromSortedOrderLinkedList.swift */,
			);
			path = LinkedList;
			sourceTree = "<group>";
		};
		8362C12125CF32C4007A79AD /* LinkedList */ = {
			isa = PBXGroup;
			children = (
				8362C12A25CF3352007A79AD /* RemoveDuplicatesFromSortedOrderLinkedListTest.swift */,
			);
			path = LinkedList;
			sourceTree = "<group>";
		};
		8362C13025D0E19B007A79AD /* String */ = {
			isa = PBXGroup;
			children = (
				8362C13125D0E27C007A79AD /* ValidPalindrome.swift */,
				83D1C9CA25D247D000292396 /* CaesarCipherEncryptor.swift */,
				83AE918425D4EB8700A8242D /* LongestPalindromicSubstring.swift */,
				83BB275225D612D40035A0EE /* RunLengthEncoding.swift */,
				8337896325D7875200526DF0 /* GroupAnagrams.swift */,
				837CE18125D8F73E00857363 /* ReverseWordsInString.swift */,
			);
			path = String;
			sourceTree = "<group>";
		};
		8362C13525D0E286007A79AD /* String */ = {
			isa = PBXGroup;
			children = (
				8362C13625D0E296007A79AD /* ValidPalindromeTest.swift */,
				83D1C9CE25D24C6000292396 /* CaesarCipherEncryptorTest.swift */,
				83AE918825D4EB9C00A8242D /* LongestPalindromicSubstringTest.swift */,
				83BB275625D612E40035A0EE /* RunLengthEncodingTest.swift */,
				8337896725D7876000526DF0 /* GroupAnagramsTest.swift */,
				837CE18525D8F81F00857363 /* ReverseWordsInStringTest.swift */,
			);
			path = String;
			sourceTree = "<group>";
		};
		83644E0525E6B3590035531A /* Sorting */ = {
			isa = PBXGroup;
			children = (
				83644E0625E6B36B0035531A /* BubbleSort.swift */,
				83644E1725E6DEFA0035531A /* InsertionSort.swift */,
				83B2CB022622A2C900C28DE4 /* QuickSort.swift */,
			);
			path = Sorting;
			sourceTree = "<group>";
		};
		83644E0A25E6B4240035531A /* Sorting */ = {
			isa = PBXGroup;
			children = (
				83644E1125E6B48A0035531A /* BubbleSortTest.swift */,
				83644E1B25E6E1500035531A /* InsertionSortTest.swift */,
			);
			path = Sorting;
			sourceTree = "<group>";
		};
		836F519C25C7C07100ED0432 /* Tests */ = {
			isa = PBXGroup;
			children = (
				8380FD3125EAC99F00DEE7E5 /* Helpers */,
				832E3E7225DDF96100A3D661 /* Questions */,
			);
			path = Tests;
			sourceTree = "<group>";
		};
		837CE18925D8FA4500857363 /* Recursion */ = {
			isa = PBXGroup;
			children = (
				837CE18A25D8FA7500857363 /* NthFibonacci.swift */,
				833997A625DB8ED40053C700 /* ProductSum.swift */,
				8380FCFF25E9EB7200DEE7E5 /* RecursiveSum.swift */,
				8380FD0725EA097100DEE7E5 /* Combinations.swift */,
				8380FD1725EAAF3200DEE7E5 /* ReverseStringRecursively.swift */,
				8380FD2925EAB79700DEE7E5 /* Permutation.swift */,
				8380FD6025EC848500DEE7E5 /* GridTravelerUniquePaths.swift */,
				8380FD6E25ECA08600DEE7E5 /* CombinationSum.swift */,
				83886893261416340048B174 /* Subsets.swift */,
			);
			path = Recursion;
			sourceTree = "<group>";
		};
		837CE18E25D8FB3B00857363 /* Recursion */ = {
			isa = PBXGroup;
			children = (
				837CE18F25D8FB4900857363 /* NthFibonacciTest.swift */,
				833997AA25DB91920053C700 /* ProductSumTest.swift */,
				8380FD0325E9EEE700DEE7E5 /* RecursiveSumTest.swift */,
				8380FD1325EA1A8900DEE7E5 /* CombinationsTest.swift */,
				8380FD1F25EAB01900DEE7E5 /* ReverseStringRecursivelyTest.swift */,
				8380FD2D25EAC0FD00DEE7E5 /* PermutationTest.swift */,
				8380FD6425EC925300DEE7E5 /* GridTravelerUniquePathsTest.swift */,
				83FEACB825F49F3D001C6C53 /* CombinationSumTest.swift */,
			);
			path = Recursion;
			sourceTree = "<group>";
		};
		838087A325C2161900D5635C = {
			isa = PBXGroup;
			children = (
				838087AF25C2161900D5635C /* Algorithms */,
				838087C525C2186000D5635C /* AlgorithmsTests */,
				838087AE25C2161900D5635C /* Products */,
			);
			sourceTree = "<group>";
		};
		838087AE25C2161900D5635C /* Products */ = {
			isa = PBXGroup;
			children = (
				838087AD25C2161900D5635C /* Algorithms.framework */,
				838087C425C2186000D5635C /* AlgorithmsTests.xctest */,
			);
			name = Products;
			sourceTree = "<group>";
		};
		838087AF25C2161900D5635C /* Algorithms */ = {
			isa = PBXGroup;
			children = (
				838087BE25C2164600D5635C /* Questions */,
				838087B925C2161D00D5635C /* SupportingFiles */,
			);
			path = Algorithms;
			sourceTree = "<group>";
		};
		838087B925C2161D00D5635C /* SupportingFiles */ = {
			isa = PBXGroup;
			children = (
				838087B125C2161900D5635C /* Info.plist */,
			);
			path = SupportingFiles;
			sourceTree = "<group>";
		};
		838087BE25C2164600D5635C /* Questions */ = {
			isa = PBXGroup;
			children = (
				83FE2C812E78EF84000BC788 /* Stack */,
				83BDDC012E64AE75007E7E84 /* Heap */,
				83E886472607C15B00DD995E /* Graph */,
				83644E0525E6B3590035531A /* Sorting */,
				8339979725DB78DF0053C700 /* BinarySearchTree */,
				8362C11525CF1C34007A79AD /* LinkedList */,
				837CE18925D8FA4500857363 /* Recursion */,
				83C3B87225DB2CC000CBECDB /* Search */,
				8362C13025D0E19B007A79AD /* String */,
				83C279B625C8F4C400FF32A4 /* Array */,
				83B28E4225E60E2B0035D470 /* Helpers */,
			);
			path = Questions;
			sourceTree = "<group>";
		};
		838087C525C2186000D5635C /* AlgorithmsTests */ = {
			isa = PBXGroup;
			children = (
				836F519C25C7C07100ED0432 /* Tests */,
				838087C825C2186000D5635C /* Info.plist */,
			);
			path = AlgorithmsTests;
			sourceTree = "<group>";
		};
		8380FD3125EAC99F00DEE7E5 /* Helpers */ = {
			isa = PBXGroup;
			children = (
				8380FD3225EAC9AE00DEE7E5 /* Compare.swift */,
				836603AB261023E000C3FBDD /* XCTestCase+Expect.swift */,
				83D8B8E92D0E5DC4006562BF /* Assert.swift */,
			);
			path = Helpers;
			sourceTree = "<group>";
		};
		83B28E3B25E60B540035D470 /* BinarySearchTree */ = {
			isa = PBXGroup;
			children = (
				83B28E3C25E60B610035D470 /* FindClosestValueInBSTTest.swift */,
				8380FD4025EB1A6000DEE7E5 /* BreadthFirstTraversalTest.swift */,
				8380FD4A25EB33D700DEE7E5 /* DepthFirstTraversalTest.swift */,
				8380FD5425EB432B00DEE7E5 /* BinaryTreeSumTest.swift */,
				8380FD5C25EB5F4900DEE7E5 /* BranchSumTest.swift */,
			);
			path = BinarySearchTree;
			sourceTree = "<group>";
		};
		83B28E4225E60E2B0035D470 /* Helpers */ = {
			isa = PBXGroup;
			children = (
				83B28E4325E60E440035D470 /* BST.swift */,
			);
			path = Helpers;
			sourceTree = "<group>";
		};
		83BDDC012E64AE75007E7E84 /* Heap */ = {
			isa = PBXGroup;
			children = (
				83BDDC022E64AE99007E7E84 /* KMostFrequentString.swift */,
			);
			path = Heap;
			sourceTree = "<group>";
		};
		83BDDC042E64AF62007E7E84 /* Heap */ = {
			isa = PBXGroup;
			children = (
				83BDDC052E64AF70007E7E84 /* KMostFrequentStringTest.swift */,
			);
			path = Heap;
			sourceTree = "<group>";
		};
		83C279B625C8F4C400FF32A4 /* Array */ = {
			isa = PBXGroup;
			children = (
				83E96F7125C25F77001E35DC /* ValidateSubsequence.swift */,
				838087BB25C2164300D5635C /* TwoSum.swift */,
				83318B4625C3971100EE4612 /* ThreeSumDistinct.swift */,
				83318B5025C3977A00EE4612 /* ThreeSum.swift */,
				83318B5425C3DCBB00EE4612 /* SmallestDifference.swift */,
				83F9429825C4C32A000CCB17 /* MoveElementToEnd.swift */,
				8364163425C5F48C009FCBE7 /* MonotonicArray.swift */,
				836F519025C7870800ED0432 /* SpiralMatrix.swift */,
				83C279AE25C8DDBB00FF32A4 /* SpiralMatrixReversed.swift */,
				83C279BC25C9136400FF32A4 /* LongestMountainInArray.swift */,
				83AD336E25CCF906002C9C35 /* ProductOfArrayExceptSelf.swift */,
				83081EBD25CE49E30085333C /* FindDuplicateNumber.swift */,
				83C308A525CE5BAD0046D54B /* FirstDuplicateValue.swift */,
				838868852612E40B0048B174 /* KadaneAlgorithmsMaximumSubarray.swift */,
				8378482D2618BDC300D121DB /* MergeIntervals.swift */,
			);
			path = Array;
			sourceTree = "<group>";
		};
		83C279B725C8F4D200FF32A4 /* Array */ = {
			isa = PBXGroup;
			children = (
				838087E625C22D0400D5635C /* TwoSumTest.swift */,
				8364163825C5F540009FCBE7 /* MonotonicArrayTest.swift */,
				83E96F7B25C2632D001E35DC /* ValidateSubsequenceTest.swift */,
				83318B4025C375C400EE4612 /* ThreeSumTest.swift */,
				83318B4C25C3973600EE4612 /* ThreeSumDistinctTest.swift */,
				83662E6325C3DFD600D12AD1 /* SmallestDifferenceTest.swift */,
				83F9429C25C4C394000CCB17 /* MoveElementToEndTest.swift */,
				836F519425C7874500ED0432 /* SpiralMatrixTest.swift */,
				83C279B225C8DE4600FF32A4 /* SpiralMatrixReversedTest.swift */,
				83C279C025C913DB00FF32A4 /* LongestMountainInArrayTest.swift */,
				83AD337225CCFB04002C9C35 /* ProductOfArrayExcepSelfTest.swift */,
				83081EC125CE49F50085333C /* FindDuplicateNumberTest.swift */,
				83C308A925CE5BC30046D54B /* FirstDuplicateValueTest.swift */,
				838868892612E4450048B174 /* KadaneAlgorithmsMaximumSubarrayTest.swift */,
				83886899261416FF0048B174 /* SubsetsTest.swift */,
				837848312619693400D121DB /* MergeIntervalsTest.swift */,
			);
			path = Array;
			sourceTree = "<group>";
		};
		83C3B87225DB2CC000CBECDB /* Search */ = {
			isa = PBXGroup;
			children = (
				83C3B87325DB2CCE00CBECDB /* BinarySearch.swift */,
				83D8B8E02D0E3DEF006562BF /* BoyerMooreAlgorithms.swift */,
			);
			path = Search;
			sourceTree = "<group>";
		};
		83C3B87725DB2D8700CBECDB /* Search */ = {
			isa = PBXGroup;
			children = (
				83C3B87825DB2D9000CBECDB /* BinarySearchTest.swift */,
				83D8B8E42D0E493F006562BF /* BoyerMooreAlgorithmsTests.swift */,
			);
			path = Search;
			sourceTree = "<group>";
		};
		83E886472607C15B00DD995E /* Graph */ = {
			isa = PBXGroup;
			children = (
				83E886482607C17400DD995E /* CourseSchedule.swift */,
				8316518F26098CA70030EAA4 /* ReconstructItinerary.swift */,
			);
			path = Graph;
			sourceTree = "<group>";
		};
		83E8864C2607C1D100DD995E /* Graph */ = {
			isa = PBXGroup;
			children = (
				83E8864D2607C1DB00DD995E /* CourseScheduleTest.swift */,
				8316519326098CEF0030EAA4 /* ReconstructItineraryTest.swift */,
			);
			path = Graph;
			sourceTree = "<group>";
		};
		83FE2C812E78EF84000BC788 /* Stack */ = {
			isa = PBXGroup;
			children = (
				83FE2C822E78EF99000BC788 /* QueueUsingStack.swift */,
			);
			path = Stack;
			sourceTree = "<group>";
		};
		83FE2C842E78EFDA000BC788 /* Stack */ = {
			isa = PBXGroup;
			children = (
				83FE2C852E78F70A000BC788 /* QueueUsingStackTest.swift */,
				831847A52E79DB4100C95FAB /* RedoUndoManagerTests.swift */,
			);
			path = Stack;
			sourceTree = "<group>";
		};
/* End PBXGroup section */

/* Begin PBXHeadersBuildPhase section */
		838087A825C2161900D5635C /* Headers */ = {
			isa = PBXHeadersBuildPhase;
			buildActionMask = 2147483647;
			files = (
			);
			runOnlyForDeploymentPostprocessing = 0;
		};
/* End PBXHeadersBuildPhase section */

/* Begin PBXNativeTarget section */
		838087AC25C2161900D5635C /* Algorithms */ = {
			isa = PBXNativeTarget;
			buildConfigurationList = 838087B525C2161900D5635C /* Build configuration list for PBXNativeTarget "Algorithms" */;
			buildPhases = (
				838087A825C2161900D5635C /* Headers */,
				838087A925C2161900D5635C /* Sources */,
				838087AA25C2161900D5635C /* Frameworks */,
				838087AB25C2161900D5635C /* Resources */,
				839445D22E63696D001C95F9 /* SwfitFormat */,
			);
			buildRules = (
			);
			dependencies = (
			);
			name = Algorithms;
			packageProductDependencies = (
				835EF95D2724EBB000FDC5DF /* DataStructure */,
			);
			productName = Algorithms;
			productReference = 838087AD25C2161900D5635C /* Algorithms.framework */;
			productType = "com.apple.product-type.framework";
		};
		838087C325C2186000D5635C /* AlgorithmsTests */ = {
			isa = PBXNativeTarget;
			buildConfigurationList = 838087CC25C2186000D5635C /* Build configuration list for PBXNativeTarget "AlgorithmsTests" */;
			buildPhases = (
				838087C025C2186000D5635C /* Sources */,
				838087C125C2186000D5635C /* Frameworks */,
				838087C225C2186000D5635C /* Resources */,
			);
			buildRules = (
			);
			dependencies = (
				838087CB25C2186000D5635C /* PBXTargetDependency */,
			);
			name = AlgorithmsTests;
			productName = AlgorithmsTests;
			productReference = 838087C425C2186000D5635C /* AlgorithmsTests.xctest */;
			productType = "com.apple.product-type.bundle.unit-test";
		};
/* End PBXNativeTarget section */

/* Begin PBXProject section */
		838087A425C2161900D5635C /* Project object */ = {
			isa = PBXProject;
			attributes = {
				BuildIndependentTargetsInParallel = YES;
				LastSwiftUpdateCheck = 1240;
				LastUpgradeCheck = 1640;
				TargetAttributes = {
					838087AC25C2161900D5635C = {
						CreatedOnToolsVersion = 12.4;
						LastSwiftMigration = 1240;
					};
					838087C325C2186000D5635C = {
						CreatedOnToolsVersion = 12.4;
						LastSwiftMigration = 1240;
					};
				};
			};
			buildConfigurationList = 838087A725C2161900D5635C /* Build configuration list for PBXProject "Algorithms" */;
			compatibilityVersion = "Xcode 9.3";
			developmentRegion = en;
			hasScannedForEncodings = 0;
			knownRegions = (
				en,
				Base,
			);
			mainGroup = 838087A325C2161900D5635C;
			packageReferences = (
				835EF95C2724EBB000FDC5DF /* XCRemoteSwiftPackageReference "swift-data-structure" */,
				83D8B8E62D0E5D93006562BF /* XCRemoteSwiftPackageReference "Difference" */,
			);
			productRefGroup = 838087AE25C2161900D5635C /* Products */;
			projectDirPath = "";
			projectRoot = "";
			targets = (
				838087AC25C2161900D5635C /* Algorithms */,
				838087C325C2186000D5635C /* AlgorithmsTests */,
			);
		};
/* End PBXProject section */

/* Begin PBXResourcesBuildPhase section */
		838087AB25C2161900D5635C /* Resources */ = {
			isa = PBXResourcesBuildPhase;
			buildActionMask = 2147483647;
			files = (
			);
			runOnlyForDeploymentPostprocessing = 0;
		};
		838087C225C2186000D5635C /* Resources */ = {
			isa = PBXResourcesBuildPhase;
			buildActionMask = 2147483647;
			files = (
			);
			runOnlyForDeploymentPostprocessing = 0;
		};
/* End PBXResourcesBuildPhase section */

/* Begin PBXShellScriptBuildPhase section */
		839445D22E63696D001C95F9 /* SwfitFormat */ = {
			isa = PBXShellScriptBuildPhase;
			alwaysOutOfDate = 1;
			buildActionMask = 2147483647;
			files = (
			);
			inputFileListPaths = (
			);
			inputPaths = (
			);
			name = SwfitFormat;
			outputFileListPaths = (
			);
			outputPaths = (
			);
			runOnlyForDeploymentPostprocessing = 0;
			shellPath = /bin/sh;
			shellScript = "swift run --package-path \"${SRCROOT}/Sources/BuildTools\" swiftformat \"${SRCROOT}\"\n";
		};
/* End PBXShellScriptBuildPhase section */

/* Begin PBXSourcesBuildPhase section */
		838087A925C2161900D5635C /* Sources */ = {
			isa = PBXSourcesBuildPhase;
			buildActionMask = 2147483647;
			files = (
				83F9429925C4C32A000CCB17 /* MoveElementToEnd.swift in Sources */,
				83D1C9CB25D247D000292396 /* CaesarCipherEncryptor.swift in Sources */,
				8380FD6F25ECA08600DEE7E5 /* CombinationSum.swift in Sources */,
				8380FD6125EC848500DEE7E5 /* GridTravelerUniquePaths.swift in Sources */,
				83644E0725E6B36B0035531A /* BubbleSort.swift in Sources */,
				838868862612E40B0048B174 /* KadaneAlgorithmsMaximumSubarray.swift in Sources */,
				83318B4725C3971100EE4612 /* ThreeSumDistinct.swift in Sources */,
				83BB275325D612D40035A0EE /* RunLengthEncoding.swift in Sources */,
				8339979925DB791F0053C700 /* FindClosestValueInBST.swift in Sources */,
				837CE18B25D8FA7500857363 /* NthFibonacci.swift in Sources */,
				83D8B8E12D0E3DEF006562BF /* BoyerMooreAlgorithms.swift in Sources */,
				833997A725DB8ED40053C700 /* ProductSum.swift in Sources */,
				838087BC25C2164300D5635C /* TwoSum.swift in Sources */,
				8380FD4F25EB426C00DEE7E5 /* BinaryTreeSum.swift in Sources */,
				8362C13225D0E27C007A79AD /* ValidPalindrome.swift in Sources */,
				83C3B87425DB2CCE00CBECDB /* BinarySearch.swift in Sources */,
				83FE2C832E78EFA5000BC788 /* QueueUsingStack.swift in Sources */,
				8380FD5925EB5F3200DEE7E5 /* BranchSum.swift in Sources */,
				83318B5125C3977A00EE4612 /* ThreeSum.swift in Sources */,
				83AD336F25CCF906002C9C35 /* ProductOfArrayExceptSelf.swift in Sources */,
				83E96F7225C25F77001E35DC /* ValidateSubsequence.swift in Sources */,
				8380FD3B25EB17D600DEE7E5 /* BreadthFirstTraversal.swift in Sources */,
				836F519125C7870800ED0432 /* SpiralMatrix.swift in Sources */,
				83644E1825E6DEFA0035531A /* InsertionSort.swift in Sources */,
				8380FD4725EB27D000DEE7E5 /* DepthFirstTraversal.swift in Sources */,
				8378482E2618BDC300D121DB /* MergeIntervals.swift in Sources */,
				83886894261416340048B174 /* Subsets.swift in Sources */,
				8380FD2A25EAB79700DEE7E5 /* Permutation.swift in Sources */,
				83E886492607C17400DD995E /* CourseSchedule.swift in Sources */,
				8337896425D7875200526DF0 /* GroupAnagrams.swift in Sources */,
				83B2CB032622A2C900C28DE4 /* QuickSort.swift in Sources */,
				83C308A625CE5BAD0046D54B /* FirstDuplicateValue.swift in Sources */,
				8362C11725CF1C71007A79AD /* RemoveDuplicatesFromSortedOrderLinkedList.swift in Sources */,
				8316519026098CA70030EAA4 /* ReconstructItinerary.swift in Sources */,
				83BDDC032E64AE99007E7E84 /* KMostFrequentString.swift in Sources */,
				83C279AF25C8DDBB00FF32A4 /* SpiralMatrixReversed.swift in Sources */,
				8380FD0025E9EB7200DEE7E5 /* RecursiveSum.swift in Sources */,
				8364163525C5F48C009FCBE7 /* MonotonicArray.swift in Sources */,
				83318B5525C3DCBB00EE4612 /* SmallestDifference.swift in Sources */,
				83B28E4425E60E440035D470 /* BST.swift in Sources */,
				8380FD0825EA097100DEE7E5 /* Combinations.swift in Sources */,
				83AE918525D4EB8700A8242D /* LongestPalindromicSubstring.swift in Sources */,
				83C279BD25C9136400FF32A4 /* LongestMountainInArray.swift in Sources */,
				837CE18225D8F73E00857363 /* ReverseWordsInString.swift in Sources */,
				8380FD1825EAAF3200DEE7E5 /* ReverseStringRecursively.swift in Sources */,
				83081EBE25CE49E30085333C /* FindDuplicateNumber.swift in Sources */,
			);
			runOnlyForDeploymentPostprocessing = 0;
		};
		838087C025C2186000D5635C /* Sources */ = {
			isa = PBXSourcesBuildPhase;
			buildActionMask = 2147483647;
			files = (
				8364163925C5F540009FCBE7 /* MonotonicArrayTest.swift in Sources */,
				8380FD2025EAB01900DEE7E5 /* ReverseStringRecursivelyTest.swift in Sources */,
				8380FD4125EB1A6000DEE7E5 /* BreadthFirstTraversalTest.swift in Sources */,
				831847A62E79DB4100C95FAB /* RedoUndoManagerTests.swift in Sources */,
				8337896825D7876000526DF0 /* GroupAnagramsTest.swift in Sources */,
				8380FD0425E9EEE700DEE7E5 /* RecursiveSumTest.swift in Sources */,
				83BDDC062E64AF70007E7E84 /* KMostFrequentStringTest.swift in Sources */,
				837CE18625D8F81F00857363 /* ReverseWordsInStringTest.swift in Sources */,
				8380FD5525EB432B00DEE7E5 /* BinaryTreeSumTest.swift in Sources */,
				8380FD5D25EB5F4900DEE7E5 /* BranchSumTest.swift in Sources */,
				83D8B8EA2D0E5DC4006562BF /* Assert.swift in Sources */,
				83081EC225CE49F50085333C /* FindDuplicateNumberTest.swift in Sources */,
				83C279C125C913DB00FF32A4 /* LongestMountainInArrayTest.swift in Sources */,
				83C279B325C8DE4600FF32A4 /* SpiralMatrixReversedTest.swift in Sources */,
				836F519525C7874500ED0432 /* SpiralMatrixTest.swift in Sources */,
				83644E1225E6B48A0035531A /* BubbleSortTest.swift in Sources */,
				83AD337325CCFB04002C9C35 /* ProductOfArrayExcepSelfTest.swift in Sources */,
				836603AC261023E000C3FBDD /* XCTestCase+Expect.swift in Sources */,
				837848322619693400D121DB /* MergeIntervalsTest.swift in Sources */,
				83B28E3D25E60B610035D470 /* FindClosestValueInBSTTest.swift in Sources */,
				83644E1C25E6E1500035531A /* InsertionSortTest.swift in Sources */,
				83D8B8E52D0E493F006562BF /* BoyerMooreAlgorithmsTests.swift in Sources */,
				83BB275725D612E40035A0EE /* RunLengthEncodingTest.swift in Sources */,
				83F9429D25C4C394000CCB17 /* MoveElementToEndTest.swift in Sources */,
				83AE918925D4EB9C00A8242D /* LongestPalindromicSubstringTest.swift in Sources */,
				83FEACB925F49F3D001C6C53 /* CombinationSumTest.swift in Sources */,
				83E8864E2607C1DB00DD995E /* CourseScheduleTest.swift in Sources */,
				83318B4D25C3973600EE4612 /* ThreeSumDistinctTest.swift in Sources */,
				8362C12B25CF3352007A79AD /* RemoveDuplicatesFromSortedOrderLinkedListTest.swift in Sources */,
				83D1C9CF25D24C6000292396 /* CaesarCipherEncryptorTest.swift in Sources */,
				8388689A261416FF0048B174 /* SubsetsTest.swift in Sources */,
				837CE19025D8FB4900857363 /* NthFibonacciTest.swift in Sources */,
				83C308AA25CE5BC30046D54B /* FirstDuplicateValueTest.swift in Sources */,
				838087E725C22D0400D5635C /* TwoSumTest.swift in Sources */,
				8380FD4B25EB33D700DEE7E5 /* DepthFirstTraversalTest.swift in Sources */,
				83C3B87925DB2D9000CBECDB /* BinarySearchTest.swift in Sources */,
				83FE2C862E78F70F000BC788 /* QueueUsingStackTest.swift in Sources */,
				8316519426098CEF0030EAA4 /* ReconstructItineraryTest.swift in Sources */,
				83318B4125C375C400EE4612 /* ThreeSumTest.swift in Sources */,
				833997AB25DB91920053C700 /* ProductSumTest.swift in Sources */,
				83662E6425C3DFD600D12AD1 /* SmallestDifferenceTest.swift in Sources */,
				8380FD3325EAC9AE00DEE7E5 /* Compare.swift in Sources */,
				8380FD2E25EAC0FD00DEE7E5 /* PermutationTest.swift in Sources */,
				83E96F7C25C2632D001E35DC /* ValidateSubsequenceTest.swift in Sources */,
				8388688A2612E4450048B174 /* KadaneAlgorithmsMaximumSubarrayTest.swift in Sources */,
				8362C13725D0E296007A79AD /* ValidPalindromeTest.swift in Sources */,
				8380FD1425EA1A8900DEE7E5 /* CombinationsTest.swift in Sources */,
				8380FD6525EC925300DEE7E5 /* GridTravelerUniquePathsTest.swift in Sources */,
			);
			runOnlyForDeploymentPostprocessing = 0;
		};
/* End PBXSourcesBuildPhase section */

/* Begin PBXTargetDependency section */
		838087CB25C2186000D5635C /* PBXTargetDependency */ = {
			isa = PBXTargetDependency;
			target = 838087AC25C2161900D5635C /* Algorithms */;
			targetProxy = 838087CA25C2186000D5635C /* PBXContainerItemProxy */;
		};
/* End PBXTargetDependency section */

/* Begin XCBuildConfiguration section */
		838087B325C2161900D5635C /* Debug */ = {
			isa = XCBuildConfiguration;
			buildSettings = {
				ALWAYS_SEARCH_USER_PATHS = NO;
				CLANG_ANALYZER_NONNULL = YES;
				CLANG_ANALYZER_NUMBER_OBJECT_CONVERSION = YES_AGGRESSIVE;
				CLANG_CXX_LANGUAGE_STANDARD = "gnu++14";
				CLANG_CXX_LIBRARY = "libc++";
				CLANG_ENABLE_MODULES = YES;
				CLANG_ENABLE_OBJC_ARC = YES;
				CLANG_ENABLE_OBJC_WEAK = YES;
				CLANG_WARN_BLOCK_CAPTURE_AUTORELEASING = YES;
				CLANG_WARN_BOOL_CONVERSION = YES;
				CLANG_WARN_COMMA = YES;
				CLANG_WARN_CONSTANT_CONVERSION = YES;
				CLANG_WARN_DEPRECATED_OBJC_IMPLEMENTATIONS = YES;
				CLANG_WARN_DIRECT_OBJC_ISA_USAGE = YES_ERROR;
				CLANG_WARN_DOCUMENTATION_COMMENTS = YES;
				CLANG_WARN_EMPTY_BODY = YES;
				CLANG_WARN_ENUM_CONVERSION = YES;
				CLANG_WARN_INFINITE_RECURSION = YES;
				CLANG_WARN_INT_CONVERSION = YES;
				CLANG_WARN_NON_LITERAL_NULL_CONVERSION = YES;
				CLANG_WARN_OBJC_IMPLICIT_RETAIN_SELF = YES;
				CLANG_WARN_OBJC_LITERAL_CONVERSION = YES;
				CLANG_WARN_OBJC_ROOT_CLASS = YES_ERROR;
				CLANG_WARN_QUOTED_INCLUDE_IN_FRAMEWORK_HEADER = YES;
				CLANG_WARN_RANGE_LOOP_ANALYSIS = YES;
				CLANG_WARN_STRICT_PROTOTYPES = YES;
				CLANG_WARN_SUSPICIOUS_MOVE = YES;
				CLANG_WARN_UNGUARDED_AVAILABILITY = YES_AGGRESSIVE;
				CLANG_WARN_UNREACHABLE_CODE = YES;
				CLANG_WARN__DUPLICATE_METHOD_MATCH = YES;
				CODE_SIGN_IDENTITY = "-";
				CODE_SIGN_STYLE = Manual;
				COPY_PHASE_STRIP = NO;
				CURRENT_PROJECT_VERSION = 1;
				DEAD_CODE_STRIPPING = YES;
				DEBUG_INFORMATION_FORMAT = dwarf;
				DEVELOPMENT_TEAM = T64RAU2S7P;
				ENABLE_STRICT_OBJC_MSGSEND = YES;
				ENABLE_TESTABILITY = YES;
				ENABLE_USER_SCRIPT_SANDBOXING = NO;
				GCC_C_LANGUAGE_STANDARD = gnu11;
				GCC_DYNAMIC_NO_PIC = NO;
				GCC_NO_COMMON_BLOCKS = YES;
				GCC_OPTIMIZATION_LEVEL = 0;
				GCC_PREPROCESSOR_DEFINITIONS = (
					"DEBUG=1",
					"$(inherited)",
				);
				GCC_WARN_64_TO_32_BIT_CONVERSION = YES;
				GCC_WARN_ABOUT_RETURN_TYPE = YES_ERROR;
				GCC_WARN_UNDECLARED_SELECTOR = YES;
				GCC_WARN_UNINITIALIZED_AUTOS = YES_AGGRESSIVE;
				GCC_WARN_UNUSED_FUNCTION = YES;
				GCC_WARN_UNUSED_VARIABLE = YES;
				MACOSX_DEPLOYMENT_TARGET = 10.15;
				MTL_ENABLE_DEBUG_INFO = INCLUDE_SOURCE;
				MTL_FAST_MATH = YES;
				ONLY_ACTIVE_ARCH = YES;
				SDKROOT = macosx;
				SWIFT_ACTIVE_COMPILATION_CONDITIONS = DEBUG;
				SWIFT_OPTIMIZATION_LEVEL = "-Onone";
				VERSIONING_SYSTEM = "apple-generic";
				VERSION_INFO_PREFIX = "";
			};
			name = Debug;
		};
		838087B425C2161900D5635C /* Release */ = {
			isa = XCBuildConfiguration;
			buildSettings = {
				ALWAYS_SEARCH_USER_PATHS = NO;
				CLANG_ANALYZER_NONNULL = YES;
				CLANG_ANALYZER_NUMBER_OBJECT_CONVERSION = YES_AGGRESSIVE;
				CLANG_CXX_LANGUAGE_STANDARD = "gnu++14";
				CLANG_CXX_LIBRARY = "libc++";
				CLANG_ENABLE_MODULES = YES;
				CLANG_ENABLE_OBJC_ARC = YES;
				CLANG_ENABLE_OBJC_WEAK = YES;
				CLANG_WARN_BLOCK_CAPTURE_AUTORELEASING = YES;
				CLANG_WARN_BOOL_CONVERSION = YES;
				CLANG_WARN_COMMA = YES;
				CLANG_WARN_CONSTANT_CONVERSION = YES;
				CLANG_WARN_DEPRECATED_OBJC_IMPLEMENTATIONS = YES;
				CLANG_WARN_DIRECT_OBJC_ISA_USAGE = YES_ERROR;
				CLANG_WARN_DOCUMENTATION_COMMENTS = YES;
				CLANG_WARN_EMPTY_BODY = YES;
				CLANG_WARN_ENUM_CONVERSION = YES;
				CLANG_WARN_INFINITE_RECURSION = YES;
				CLANG_WARN_INT_CONVERSION = YES;
				CLANG_WARN_NON_LITERAL_NULL_CONVERSION = YES;
				CLANG_WARN_OBJC_IMPLICIT_RETAIN_SELF = YES;
				CLANG_WARN_OBJC_LITERAL_CONVERSION = YES;
				CLANG_WARN_OBJC_ROOT_CLASS = YES_ERROR;
				CLANG_WARN_QUOTED_INCLUDE_IN_FRAMEWORK_HEADER = YES;
				CLANG_WARN_RANGE_LOOP_ANALYSIS = YES;
				CLANG_WARN_STRICT_PROTOTYPES = YES;
				CLANG_WARN_SUSPICIOUS_MOVE = YES;
				CLANG_WARN_UNGUARDED_AVAILABILITY = YES_AGGRESSIVE;
				CLANG_WARN_UNREACHABLE_CODE = YES;
				CLANG_WARN__DUPLICATE_METHOD_MATCH = YES;
				CODE_SIGN_IDENTITY = "-";
				CODE_SIGN_STYLE = Manual;
				COPY_PHASE_STRIP = NO;
				CURRENT_PROJECT_VERSION = 1;
				DEAD_CODE_STRIPPING = YES;
				DEBUG_INFORMATION_FORMAT = "dwarf-with-dsym";
				DEVELOPMENT_TEAM = T64RAU2S7P;
				ENABLE_NS_ASSERTIONS = NO;
				ENABLE_STRICT_OBJC_MSGSEND = YES;
				ENABLE_USER_SCRIPT_SANDBOXING = NO;
				GCC_C_LANGUAGE_STANDARD = gnu11;
				GCC_NO_COMMON_BLOCKS = YES;
				GCC_WARN_64_TO_32_BIT_CONVERSION = YES;
				GCC_WARN_ABOUT_RETURN_TYPE = YES_ERROR;
				GCC_WARN_UNDECLARED_SELECTOR = YES;
				GCC_WARN_UNINITIALIZED_AUTOS = YES_AGGRESSIVE;
				GCC_WARN_UNUSED_FUNCTION = YES;
				GCC_WARN_UNUSED_VARIABLE = YES;
				MACOSX_DEPLOYMENT_TARGET = 10.15;
				MTL_ENABLE_DEBUG_INFO = NO;
				MTL_FAST_MATH = YES;
				SDKROOT = macosx;
				SWIFT_COMPILATION_MODE = wholemodule;
				SWIFT_OPTIMIZATION_LEVEL = "-O";
				VERSIONING_SYSTEM = "apple-generic";
				VERSION_INFO_PREFIX = "";
			};
			name = Release;
		};
		838087B625C2161900D5635C /* Debug */ = {
			isa = XCBuildConfiguration;
			buildSettings = {
				CLANG_ENABLE_MODULES = YES;
				CODE_SIGN_STYLE = Automatic;
				COMBINE_HIDPI_IMAGES = YES;
				DEAD_CODE_STRIPPING = YES;
				DEFINES_MODULE = YES;
				DYLIB_COMPATIBILITY_VERSION = 1;
				DYLIB_CURRENT_VERSION = 1;
				DYLIB_INSTALL_NAME_BASE = "@rpath";
				ENABLE_MODULE_VERIFIER = YES;
				INFOPLIST_FILE = Algorithms/SupportingFiles/Info.plist;
				INSTALL_PATH = "$(LOCAL_LIBRARY_DIR)/Frameworks";
				LD_RUNPATH_SEARCH_PATHS = (
					"$(inherited)",
					"@executable_path/../Frameworks",
					"@loader_path/Frameworks",
				);
				MACOSX_DEPLOYMENT_TARGET = 11.0;
				MODULE_VERIFIER_SUPPORTED_LANGUAGE_STANDARDS = "gnu11 gnu++14";
				PRODUCT_BUNDLE_IDENTIFIER = com.tiedawei.Algorithms;
				PRODUCT_NAME = "$(TARGET_NAME:c99extidentifier)";
				SKIP_INSTALL = YES;
				SWIFT_OPTIMIZATION_LEVEL = "-Onone";
				SWIFT_VERSION = 5.0;
			};
			name = Debug;
		};
		838087B725C2161900D5635C /* Release */ = {
			isa = XCBuildConfiguration;
			buildSettings = {
				CLANG_ENABLE_MODULES = YES;
				CODE_SIGN_STYLE = Automatic;
				COMBINE_HIDPI_IMAGES = YES;
				DEAD_CODE_STRIPPING = YES;
				DEFINES_MODULE = YES;
				DYLIB_COMPATIBILITY_VERSION = 1;
				DYLIB_CURRENT_VERSION = 1;
				DYLIB_INSTALL_NAME_BASE = "@rpath";
				ENABLE_MODULE_VERIFIER = YES;
				INFOPLIST_FILE = Algorithms/SupportingFiles/Info.plist;
				INSTALL_PATH = "$(LOCAL_LIBRARY_DIR)/Frameworks";
				LD_RUNPATH_SEARCH_PATHS = (
					"$(inherited)",
					"@executable_path/../Frameworks",
					"@loader_path/Frameworks",
				);
				MACOSX_DEPLOYMENT_TARGET = 11.0;
				MODULE_VERIFIER_SUPPORTED_LANGUAGE_STANDARDS = "gnu11 gnu++14";
				PRODUCT_BUNDLE_IDENTIFIER = com.tiedawei.Algorithms;
				PRODUCT_NAME = "$(TARGET_NAME:c99extidentifier)";
				SKIP_INSTALL = YES;
				SWIFT_VERSION = 5.0;
			};
			name = Release;
		};
		838087CD25C2186000D5635C /* Debug */ = {
			isa = XCBuildConfiguration;
			buildSettings = {
				CLANG_ENABLE_MODULES = YES;
				CODE_SIGN_STYLE = Automatic;
				COMBINE_HIDPI_IMAGES = YES;
				DEAD_CODE_STRIPPING = YES;
				INFOPLIST_FILE = AlgorithmsTests/Info.plist;
				LD_RUNPATH_SEARCH_PATHS = (
					"$(inherited)",
					"@executable_path/../Frameworks",
					"@loader_path/../Frameworks",
				);
				MACOSX_DEPLOYMENT_TARGET = 11.0;
				PRODUCT_BUNDLE_IDENTIFIER = com.tiedawei.AlgorithmsTests;
				PRODUCT_NAME = "$(TARGET_NAME)";
				SWIFT_OBJC_BRIDGING_HEADER = "";
				SWIFT_OPTIMIZATION_LEVEL = "-Onone";
				SWIFT_VERSION = 5.0;
			};
			name = Debug;
		};
		838087CE25C2186000D5635C /* Release */ = {
			isa = XCBuildConfiguration;
			buildSettings = {
				CLANG_ENABLE_MODULES = YES;
				CODE_SIGN_STYLE = Automatic;
				COMBINE_HIDPI_IMAGES = YES;
				DEAD_CODE_STRIPPING = YES;
				INFOPLIST_FILE = AlgorithmsTests/Info.plist;
				LD_RUNPATH_SEARCH_PATHS = (
					"$(inherited)",
					"@executable_path/../Frameworks",
					"@loader_path/../Frameworks",
				);
				MACOSX_DEPLOYMENT_TARGET = 11.0;
				PRODUCT_BUNDLE_IDENTIFIER = com.tiedawei.AlgorithmsTests;
				PRODUCT_NAME = "$(TARGET_NAME)";
				SWIFT_OBJC_BRIDGING_HEADER = "";
				SWIFT_VERSION = 5.0;
			};
			name = Release;
		};
/* End XCBuildConfiguration section */

/* Begin XCConfigurationList section */
		838087A725C2161900D5635C /* Build configuration list for PBXProject "Algorithms" */ = {
			isa = XCConfigurationList;
			buildConfigurations = (
				838087B325C2161900D5635C /* Debug */,
				838087B425C2161900D5635C /* Release */,
			);
			defaultConfigurationIsVisible = 0;
			defaultConfigurationName = Release;
		};
		838087B525C2161900D5635C /* Build configuration list for PBXNativeTarget "Algorithms" */ = {
			isa = XCConfigurationList;
			buildConfigurations = (
				838087B625C2161900D5635C /* Debug */,
				838087B725C2161900D5635C /* Release */,
			);
			defaultConfigurationIsVisible = 0;
			defaultConfigurationName = Release;
		};
		838087CC25C2186000D5635C /* Build configuration list for PBXNativeTarget "AlgorithmsTests" */ = {
			isa = XCConfigurationList;
			buildConfigurations = (
				838087CD25C2186000D5635C /* Debug */,
				838087CE25C2186000D5635C /* Release */,
			);
			defaultConfigurationIsVisible = 0;
			defaultConfigurationName = Release;
		};
/* End XCConfigurationList section */

/* Begin XCRemoteSwiftPackageReference section */
		835EF95C2724EBB000FDC5DF /* XCRemoteSwiftPackageReference "swift-data-structure" */ = {
			isa = XCRemoteSwiftPackageReference;
			repositoryURL = "https://github.com/weitieda/swift-data-structure.git";
			requirement = {
				kind = upToNextMajorVersion;
				minimumVersion = 1.0.2;
			};
		};
		83D8B8E62D0E5D93006562BF /* XCRemoteSwiftPackageReference "Difference" */ = {
			isa = XCRemoteSwiftPackageReference;
			repositoryURL = "https://github.com/krzysztofzablocki/Difference.git";
			requirement = {
				kind = upToNextMajorVersion;
				minimumVersion = 1.1.0;
			};
		};
/* End XCRemoteSwiftPackageReference section */

/* Begin XCSwiftPackageProductDependency section */
		835EF95D2724EBB000FDC5DF /* DataStructure */ = {
			isa = XCSwiftPackageProductDependency;
			package = 835EF95C2724EBB000FDC5DF /* XCRemoteSwiftPackageReference "swift-data-structure" */;
			productName = DataStructure;
		};
		83D8B8E72D0E5D93006562BF /* Difference */ = {
			isa = XCSwiftPackageProductDependency;
			package = 83D8B8E62D0E5D93006562BF /* XCRemoteSwiftPackageReference "Difference" */;
			productName = Difference;
		};
/* End XCSwiftPackageProductDependency section */
	};
	rootObject = 838087A425C2161900D5635C /* Project object */;
}
