{
  "object": {
    "pins": [
      {
        "package": "SwiftFormat",
        "repositoryURL": "https://github.com/nicklockwood/SwiftFormat",
        "state": {
          "branch": null,
          "revision": "b83a8f132ff5430f3b6ff7d912baa407caea9e29",
          "version": "0.57.2"
        }
      }
    ]
  },
  "version": 1
}
